
Microsoft Visual Studio Solution File, Format Version 12.00
# Visual Studio Version 17
VisualStudioVersion = 17.0.31903.59
MinimumVisualStudioVersion = 10.0.40219.1
Project("{2150E333-8FDC-42A3-9474-1A3956D46DE8}") = "tests", "tests", "{0AB3BF05-4346-4AA6-1389-037BE0695223}"
EndProject
Project("{FAE04EC0-301F-11D3-BF4B-00C04F79EFBC}") = "Golemancer.Verification", "tests\Golemancer.Verification\Golemancer.Verification.csproj", "{3C20D7A4-1D7B-4B3C-98DF-44047EAFCFA3}"
EndProject
Project("{2150E333-8FDC-42A3-9474-1A3956D46DE8}") = "src", "src", "{827E0CD3-B72D-47B6-A68D-7590B98EB39B}"
EndProject
Project("{FAE04EC0-301F-11D3-BF4B-00C04F79EFBC}") = "Golemancer.Engine", "src\Golemancer.Engine\Golemancer.Engine.csproj", "{66DF4828-3684-49E9-B84B-5DBAB9777C8D}"
EndProject
Project("{FAE04EC0-301F-11D3-BF4B-00C04F79EFBC}") = "Golemancer.Contracts", "src\Golemancer.Contracts\Golemancer.Contracts.csproj", "{50675AF1-052C-47C4-B11F-44D8E2AC6650}"
EndProject
Project("{2150E333-8FDC-42A3-9474-1A3956D46DE8}") = "modules", "modules", "{CA253913-39DE-BFD0-C9A3-4B7EC6FBDF17}"
EndProject
Project("{FAE04EC0-301F-11D3-BF4B-00C04F79EFBC}") = "Golemancer.Failures", "modules\Golemancer.Failures\Golemancer.Failures.csproj", "{1FB37121-1D8B-4F5C-9708-DD7D04A38824}"
EndProject
Project("{FAE04EC0-301F-11D3-BF4B-00C04F79EFBC}") = "Golemancer.Conditions", "modules\Golemancer.Conditions\Golemancer.Conditions.csproj", "{EE3B1A91-AAA8-48C0-BF96-BBDBAE3E8033}"
EndProject
Project("{FAE04EC0-301F-11D3-BF4B-00C04F79EFBC}") = "Golemancer.Logistics", "modules\Golemancer.Logistics\Golemancer.Logistics.csproj", "{68AC70F5-5F68-4D19-9007-4945A890134C}"
EndProject
Project("{FAE04EC0-301F-11D3-BF4B-00C04F79EFBC}") = "Golemancer.Automation", "modules\Golemancer.Automation\Golemancer.Automation.csproj", "{D9061A86-B5C5-43BB-851E-9E091BB8007D}"
EndProject
Project("{FAE04EC0-301F-11D3-BF4B-00C04F79EFBC}") = "Golemancer.Commerce", "modules\Golemancer.Commerce\Golemancer.Commerce.csproj", "{AD2B5356-8327-4E13-B06A-4E2C25877AB7}"
EndProject
Project("{FAE04EC0-301F-11D3-BF4B-00C04F79EFBC}") = "Golemancer.Construction", "modules\Golemancer.Construction\Golemancer.Construction.csproj", "{10C07962-3771-4A25-B3CD-778B2445F3D4}"
EndProject
Project("{FAE04EC0-301F-11D3-BF4B-00C04F79EFBC}") = "Golemancer.Combat", "modules\Golemancer.Combat\Golemancer.Combat.csproj", "{895C5411-7BD6-4F05-BBAC-1857581E18BF}"
EndProject
Project("{FAE04EC0-301F-11D3-BF4B-00C04F79EFBC}") = "Golemancer.Harvesting", "modules\Golemancer.Harvesting\Golemancer.Harvesting.csproj", "{C588B8BB-C64C-4164-A7E1-7B05FDDC82D9}"
EndProject
Project("{FAE04EC0-301F-11D3-BF4B-00C04F79EFBC}") = "Golemancer.Golems", "modules\Golemancer.Golems\Golemancer.Golems.csproj", "{BCC04828-2480-493A-914D-883605BA2D3D}"
EndProject
Project("{FAE04EC0-301F-11D3-BF4B-00C04F79EFBC}") = "Golemancer.Crafting", "modules\Golemancer.Crafting\Golemancer.Crafting.csproj", "{AE09DEF1-AD2E-4410-8FE1-85C51D980F26}"
EndProject
Project("{FAE04EC0-301F-11D3-BF4B-00C04F79EFBC}") = "Golemancer.Story", "modules\Golemancer.Story\Golemancer.Story.csproj", "{EBB3555B-5406-459C-BB49-AC85CEAF04BA}"
EndProject
Project("{FAE04EC0-301F-11D3-BF4B-00C04F79EFBC}") = "Golemancer.FeastTrail", "modules\Golemancer.FeastTrail\Golemancer.FeastTrail.csproj", "{020BFCD2-C4D6-46A7-89EB-DAB294F03C3E}"
EndProject
Project("{FAE04EC0-301F-11D3-BF4B-00C04F79EFBC}") = "Golemancer.Host", "src\Golemancer.Host\Golemancer.Host.csproj", "{1C539A8B-01C7-4711-86E8-C86F67A7AEFD}"
EndProject
Project("{FAE04EC0-301F-11D3-BF4B-00C04F79EFBC}") = "Golemancer.Terrain", "modules\Golemancer.Terrain\Golemancer.Terrain.csproj", "{09171B74-C873-4175-A6AE-6FA334115BB0}"
EndProject
Project("{FAE04EC0-301F-11D3-BF4B-00C04F79EFBC}") = "Golemancer.Client", "src\Golemancer.Client\Golemancer.Client.csproj", "{E2489C8C-EE9E-4694-BE0B-C682A65FA6AA}"
EndProject
Global
	GlobalSection(SolutionConfigurationPlatforms) = preSolution
		Debug|Any CPU = Debug|Any CPU
		Debug|x64 = Debug|x64
		Debug|x86 = Debug|x86
		Release|Any CPU = Release|Any CPU
		Release|x64 = Release|x64
		Release|x86 = Release|x86
	EndGlobalSection
	GlobalSection(ProjectConfigurationPlatforms) = postSolution
		{3C20D7A4-1D7B-4B3C-98DF-44047EAFCFA3}.Debug|Any CPU.ActiveCfg = Debug|Any CPU
		{3C20D7A4-1D7B-4B3C-98DF-44047EAFCFA3}.Debug|Any CPU.Build.0 = Debug|Any CPU
		{3C20D7A4-1D7B-4B3C-98DF-44047EAFCFA3}.Debug|x64.ActiveCfg = Debug|Any CPU
		{3C20D7A4-1D7B-4B3C-98DF-44047EAFCFA3}.Debug|x64.Build.0 = Debug|Any CPU
		{3C20D7A4-1D7B-4B3C-98DF-44047EAFCFA3}.Debug|x86.ActiveCfg = Debug|Any CPU
		{3C20D7A4-1D7B-4B3C-98DF-44047EAFCFA3}.Debug|x86.Build.0 = Debug|Any CPU
		{3C20D7A4-1D7B-4B3C-98DF-44047EAFCFA3}.Release|Any CPU.ActiveCfg = Release|Any CPU
		{3C20D7A4-1D7B-4B3C-98DF-44047EAFCFA3}.Release|Any CPU.Build.0 = Release|Any CPU
		{3C20D7A4-1D7B-4B3C-98DF-44047EAFCFA3}.Release|x64.ActiveCfg = Release|Any CPU
		{3C20D7A4-1D7B-4B3C-98DF-44047EAFCFA3}.Release|x64.Build.0 = Release|Any CPU
		{3C20D7A4-1D7B-4B3C-98DF-44047EAFCFA3}.Release|x86.ActiveCfg = Release|Any CPU
		{3C20D7A4-1D7B-4B3C-98DF-44047EAFCFA3}.Release|x86.Build.0 = Release|Any CPU
		{66DF4828-3684-49E9-B84B-5DBAB9777C8D}.Debug|Any CPU.ActiveCfg = Debug|Any CPU
		{66DF4828-3684-49E9-B84B-5DBAB9777C8D}.Debug|Any CPU.Build.0 = Debug|Any CPU
		{66DF4828-3684-49E9-B84B-5DBAB9777C8D}.Debug|x64.ActiveCfg = Debug|Any CPU
		{66DF4828-3684-49E9-B84B-5DBAB9777C8D}.Debug|x64.Build.0 = Debug|Any CPU
		{66DF4828-3684-49E9-B84B-5DBAB9777C8D}.Debug|x86.ActiveCfg = Debug|Any CPU
		{66DF4828-3684-49E9-B84B-5DBAB9777C8D}.Debug|x86.Build.0 = Debug|Any CPU
		{66DF4828-3684-49E9-B84B-5DBAB9777C8D}.Release|Any CPU.ActiveCfg = Release|Any CPU
		{66DF4828-3684-49E9-B84B-5DBAB9777C8D}.Release|Any CPU.Build.0 = Release|Any CPU
		{66DF4828-3684-49E9-B84B-5DBAB9777C8D}.Release|x64.ActiveCfg = Release|Any CPU
		{66DF4828-3684-49E9-B84B-5DBAB9777C8D}.Release|x64.Build.0 = Release|Any CPU
		{66DF4828-3684-49E9-B84B-5DBAB9777C8D}.Release|x86.ActiveCfg = Release|Any CPU
		{66DF4828-3684-49E9-B84B-5DBAB9777C8D}.Release|x86.Build.0 = Release|Any CPU
		{50675AF1-052C-47C4-B11F-44D8E2AC6650}.Debug|Any CPU.ActiveCfg = Debug|Any CPU
		{50675AF1-052C-47C4-B11F-44D8E2AC6650}.Debug|Any CPU.Build.0 = Debug|Any CPU
		{50675AF1-052C-47C4-B11F-44D8E2AC6650}.Debug|x64.ActiveCfg = Debug|Any CPU
		{50675AF1-052C-47C4-B11F-44D8E2AC6650}.Debug|x64.Build.0 = Debug|Any CPU
		{50675AF1-052C-47C4-B11F-44D8E2AC6650}.Debug|x86.ActiveCfg = Debug|Any CPU
		{50675AF1-052C-47C4-B11F-44D8E2AC6650}.Debug|x86.Build.0 = Debug|Any CPU
		{50675AF1-052C-47C4-B11F-44D8E2AC6650}.Release|Any CPU.ActiveCfg = Release|Any CPU
		{50675AF1-052C-47C4-B11F-44D8E2AC6650}.Release|Any CPU.Build.0 = Release|Any CPU
		{50675AF1-052C-47C4-B11F-44D8E2AC6650}.Release|x64.ActiveCfg = Release|Any CPU
		{50675AF1-052C-47C4-B11F-44D8E2AC6650}.Release|x64.Build.0 = Release|Any CPU
		{50675AF1-052C-47C4-B11F-44D8E2AC6650}.Release|x86.ActiveCfg = Release|Any CPU
		{50675AF1-052C-47C4-B11F-44D8E2AC6650}.Release|x86.Build.0 = Release|Any CPU
		{1FB37121-1D8B-4F5C-9708-DD7D04A38824}.Debug|Any CPU.ActiveCfg = Debug|Any CPU
		{1FB37121-1D8B-4F5C-9708-DD7D04A38824}.Debug|Any CPU.Build.0 = Debug|Any CPU
		{1FB37121-1D8B-4F5C-9708-DD7D04A38824}.Debug|x64.ActiveCfg = Debug|Any CPU
		{1FB37121-1D8B-4F5C-9708-DD7D04A38824}.Debug|x64.Build.0 = Debug|Any CPU
		{1FB37121-1D8B-4F5C-9708-DD7D04A38824}.Debug|x86.ActiveCfg = Debug|Any CPU
		{1FB37121-1D8B-4F5C-9708-DD7D04A38824}.Debug|x86.Build.0 = Debug|Any CPU
		{1FB37121-1D8B-4F5C-9708-DD7D04A38824}.Release|Any CPU.ActiveCfg = Release|Any CPU
		{1FB37121-1D8B-4F5C-9708-DD7D04A38824}.Release|Any CPU.Build.0 = Release|Any CPU
		{1FB37121-1D8B-4F5C-9708-DD7D04A38824}.Release|x64.ActiveCfg = Release|Any CPU
		{1FB37121-1D8B-4F5C-9708-DD7D04A38824}.Release|x64.Build.0 = Release|Any CPU
		{1FB37121-1D8B-4F5C-9708-DD7D04A38824}.Release|x86.ActiveCfg = Release|Any CPU
		{1FB37121-1D8B-4F5C-9708-DD7D04A38824}.Release|x86.Build.0 = Release|Any CPU
		{EE3B1A91-AAA8-48C0-BF96-BBDBAE3E8033}.Debug|Any CPU.ActiveCfg = Debug|Any CPU
		{EE3B1A91-AAA8-48C0-BF96-BBDBAE3E8033}.Debug|Any CPU.Build.0 = Debug|Any CPU
		{EE3B1A91-AAA8-48C0-BF96-BBDBAE3E8033}.Debug|x64.ActiveCfg = Debug|Any CPU
		{EE3B1A91-AAA8-48C0-BF96-BBDBAE3E8033}.Debug|x64.Build.0 = Debug|Any CPU
		{EE3B1A91-AAA8-48C0-BF96-BBDBAE3E8033}.Debug|x86.ActiveCfg = Debug|Any CPU
		{EE3B1A91-AAA8-48C0-BF96-BBDBAE3E8033}.Debug|x86.Build.0 = Debug|Any CPU
		{EE3B1A91-AAA8-48C0-BF96-BBDBAE3E8033}.Release|Any CPU.ActiveCfg = Release|Any CPU
		{EE3B1A91-AAA8-48C0-BF96-BBDBAE3E8033}.Release|Any CPU.Build.0 = Release|Any CPU
		{EE3B1A91-AAA8-48C0-BF96-BBDBAE3E8033}.Release|x64.ActiveCfg = Release|Any CPU
		{EE3B1A91-AAA8-48C0-BF96-BBDBAE3E8033}.Release|x64.Build.0 = Release|Any CPU
		{EE3B1A91-AAA8-48C0-BF96-BBDBAE3E8033}.Release|x86.ActiveCfg = Release|Any CPU
		{EE3B1A91-AAA8-48C0-BF96-BBDBAE3E8033}.Release|x86.Build.0 = Release|Any CPU
		{68AC70F5-5F68-4D19-9007-4945A890134C}.Debug|Any CPU.ActiveCfg = Debug|Any CPU
		{68AC70F5-5F68-4D19-9007-4945A890134C}.Debug|Any CPU.Build.0 = Debug|Any CPU
		{68AC70F5-5F68-4D19-9007-4945A890134C}.Debug|x64.ActiveCfg = Debug|Any CPU
		{68AC70F5-5F68-4D19-9007-4945A890134C}.Debug|x64.Build.0 = Debug|Any CPU
		{68AC70F5-5F68-4D19-9007-4945A890134C}.Debug|x86.ActiveCfg = Debug|Any CPU
		{68AC70F5-5F68-4D19-9007-4945A890134C}.Debug|x86.Build.0 = Debug|Any CPU
		{68AC70F5-5F68-4D19-9007-4945A890134C}.Release|Any CPU.ActiveCfg = Release|Any CPU
		{68AC70F5-5F68-4D19-9007-4945A890134C}.Release|Any CPU.Build.0 = Release|Any CPU
		{68AC70F5-5F68-4D19-9007-4945A890134C}.Release|x64.ActiveCfg = Release|Any CPU
		{68AC70F5-5F68-4D19-9007-4945A890134C}.Release|x64.Build.0 = Release|Any CPU
		{68AC70F5-5F68-4D19-9007-4945A890134C}.Release|x86.ActiveCfg = Release|Any CPU
		{68AC70F5-5F68-4D19-9007-4945A890134C}.Release|x86.Build.0 = Release|Any CPU
		{D9061A86-B5C5-43BB-851E-9E091BB8007D}.Debug|Any CPU.ActiveCfg = Debug|Any CPU
		{D9061A86-B5C5-43BB-851E-9E091BB8007D}.Debug|Any CPU.Build.0 = Debug|Any CPU
		{D9061A86-B5C5-43BB-851E-9E091BB8007D}.Debug|x64.ActiveCfg = Debug|Any CPU
		{D9061A86-B5C5-43BB-851E-9E091BB8007D}.Debug|x64.Build.0 = Debug|Any CPU
		{D9061A86-B5C5-43BB-851E-9E091BB8007D}.Debug|x86.ActiveCfg = Debug|Any CPU
		{D9061A86-B5C5-43BB-851E-9E091BB8007D}.Debug|x86.Build.0 = Debug|Any CPU
		{D9061A86-B5C5-43BB-851E-9E091BB8007D}.Release|Any CPU.ActiveCfg = Release|Any CPU
		{D9061A86-B5C5-43BB-851E-9E091BB8007D}.Release|Any CPU.Build.0 = Release|Any CPU
		{D9061A86-B5C5-43BB-851E-9E091BB8007D}.Release|x64.ActiveCfg = Release|Any CPU
		{D9061A86-B5C5-43BB-851E-9E091BB8007D}.Release|x64.Build.0 = Release|Any CPU
		{D9061A86-B5C5-43BB-851E-9E091BB8007D}.Release|x86.ActiveCfg = Release|Any CPU
		{D9061A86-B5C5-43BB-851E-9E091BB8007D}.Release|x86.Build.0 = Release|Any CPU
		{AD2B5356-8327-4E13-B06A-4E2C25877AB7}.Debug|Any CPU.ActiveCfg = Debug|Any CPU
		{AD2B5356-8327-4E13-B06A-4E2C25877AB7}.Debug|Any CPU.Build.0 = Debug|Any CPU
		{AD2B5356-8327-4E13-B06A-4E2C25877AB7}.Debug|x64.ActiveCfg = Debug|Any CPU
		{AD2B5356-8327-4E13-B06A-4E2C25877AB7}.Debug|x64.Build.0 = Debug|Any CPU
		{AD2B5356-8327-4E13-B06A-4E2C25877AB7}.Debug|x86.ActiveCfg = Debug|Any CPU
		{AD2B5356-8327-4E13-B06A-4E2C25877AB7}.Debug|x86.Build.0 = Debug|Any CPU
		{AD2B5356-8327-4E13-B06A-4E2C25877AB7}.Release|Any CPU.ActiveCfg = Release|Any CPU
		{AD2B5356-8327-4E13-B06A-4E2C25877AB7}.Release|Any CPU.Build.0 = Release|Any CPU
		{AD2B5356-8327-4E13-B06A-4E2C25877AB7}.Release|x64.ActiveCfg = Release|Any CPU
		{AD2B5356-8327-4E13-B06A-4E2C25877AB7}.Release|x64.Build.0 = Release|Any CPU
		{AD2B5356-8327-4E13-B06A-4E2C25877AB7}.Release|x86.ActiveCfg = Release|Any CPU
		{AD2B5356-8327-4E13-B06A-4E2C25877AB7}.Release|x86.Build.0 = Release|Any CPU
		{10C07962-3771-4A25-B3CD-778B2445F3D4}.Debug|Any CPU.ActiveCfg = Debug|Any CPU
		{10C07962-3771-4A25-B3CD-778B2445F3D4}.Debug|Any CPU.Build.0 = Debug|Any CPU
		{10C07962-3771-4A25-B3CD-778B2445F3D4}.Debug|x64.ActiveCfg = Debug|Any CPU
		{10C07962-3771-4A25-B3CD-778B2445F3D4}.Debug|x64.Build.0 = Debug|Any CPU
		{10C07962-3771-4A25-B3CD-778B2445F3D4}.Debug|x86.ActiveCfg = Debug|Any CPU
		{10C07962-3771-4A25-B3CD-778B2445F3D4}.Debug|x86.Build.0 = Debug|Any CPU
		{10C07962-3771-4A25-B3CD-778B2445F3D4}.Release|Any CPU.ActiveCfg = Release|Any CPU
		{10C07962-3771-4A25-B3CD-778B2445F3D4}.Release|Any CPU.Build.0 = Release|Any CPU
		{10C07962-3771-4A25-B3CD-778B2445F3D4}.Release|x64.ActiveCfg = Release|Any CPU
		{10C07962-3771-4A25-B3CD-778B2445F3D4}.Release|x64.Build.0 = Release|Any CPU
		{10C07962-3771-4A25-B3CD-778B2445F3D4}.Release|x86.ActiveCfg = Release|Any CPU
		{10C07962-3771-4A25-B3CD-778B2445F3D4}.Release|x86.Build.0 = Release|Any CPU
		{895C5411-7BD6-4F05-BBAC-1857581E18BF}.Debug|Any CPU.ActiveCfg = Debug|Any CPU
		{895C5411-7BD6-4F05-BBAC-1857581E18BF}.Debug|Any CPU.Build.0 = Debug|Any CPU
		{895C5411-7BD6-4F05-BBAC-1857581E18BF}.Debug|x64.ActiveCfg = Debug|Any CPU
		{895C5411-7BD6-4F05-BBAC-1857581E18BF}.Debug|x64.Build.0 = Debug|Any CPU
		{895C5411-7BD6-4F05-BBAC-1857581E18BF}.Debug|x86.ActiveCfg = Debug|Any CPU
		{895C5411-7BD6-4F05-BBAC-1857581E18BF}.Debug|x86.Build.0 = Debug|Any CPU
		{895C5411-7BD6-4F05-BBAC-1857581E18BF}.Release|Any CPU.ActiveCfg = Release|Any CPU
		{895C5411-7BD6-4F05-BBAC-1857581E18BF}.Release|Any CPU.Build.0 = Release|Any CPU
		{895C5411-7BD6-4F05-BBAC-1857581E18BF}.Release|x64.ActiveCfg = Release|Any CPU
		{895C5411-7BD6-4F05-BBAC-1857581E18BF}.Release|x64.Build.0 = Release|Any CPU
		{895C5411-7BD6-4F05-BBAC-1857581E18BF}.Release|x86.ActiveCfg = Release|Any CPU
		{895C5411-7BD6-4F05-BBAC-1857581E18BF}.Release|x86.Build.0 = Release|Any CPU
		{C588B8BB-C64C-4164-A7E1-7B05FDDC82D9}.Debug|Any CPU.ActiveCfg = Debug|Any CPU
		{C588B8BB-C64C-4164-A7E1-7B05FDDC82D9}.Debug|Any CPU.Build.0 = Debug|Any CPU
		{C588B8BB-C64C-4164-A7E1-7B05FDDC82D9}.Debug|x64.ActiveCfg = Debug|Any CPU
		{C588B8BB-C64C-4164-A7E1-7B05FDDC82D9}.Debug|x64.Build.0 = Debug|Any CPU
		{C588B8BB-C64C-4164-A7E1-7B05FDDC82D9}.Debug|x86.ActiveCfg = Debug|Any CPU
		{C588B8BB-C64C-4164-A7E1-7B05FDDC82D9}.Debug|x86.Build.0 = Debug|Any CPU
		{C588B8BB-C64C-4164-A7E1-7B05FDDC82D9}.Release|Any CPU.ActiveCfg = Release|Any CPU
		{C588B8BB-C64C-4164-A7E1-7B05FDDC82D9}.Release|Any CPU.Build.0 = Release|Any CPU
		{C588B8BB-C64C-4164-A7E1-7B05FDDC82D9}.Release|x64.ActiveCfg = Release|Any CPU
		{C588B8BB-C64C-4164-A7E1-7B05FDDC82D9}.Release|x64.Build.0 = Release|Any CPU
		{C588B8BB-C64C-4164-A7E1-7B05FDDC82D9}.Release|x86.ActiveCfg = Release|Any CPU
		{C588B8BB-C64C-4164-A7E1-7B05FDDC82D9}.Release|x86.Build.0 = Release|Any CPU
		{BCC04828-2480-493A-914D-883605BA2D3D}.Debug|Any CPU.ActiveCfg = Debug|Any CPU
		{BCC04828-2480-493A-914D-883605BA2D3D}.Debug|Any CPU.Build.0 = Debug|Any CPU
		{BCC04828-2480-493A-914D-883605BA2D3D}.Debug|x64.ActiveCfg = Debug|Any CPU
		{BCC04828-2480-493A-914D-883605BA2D3D}.Debug|x64.Build.0 = Debug|Any CPU
		{BCC04828-2480-493A-914D-883605BA2D3D}.Debug|x86.ActiveCfg = Debug|Any CPU
		{BCC04828-2480-493A-914D-883605BA2D3D}.Debug|x86.Build.0 = Debug|Any CPU
		{BCC04828-2480-493A-914D-883605BA2D3D}.Release|Any CPU.ActiveCfg = Release|Any CPU
		{BCC04828-2480-493A-914D-883605BA2D3D}.Release|Any CPU.Build.0 = Release|Any CPU
		{BCC04828-2480-493A-914D-883605BA2D3D}.Release|x64.ActiveCfg = Release|Any CPU
		{BCC04828-2480-493A-914D-883605BA2D3D}.Release|x64.Build.0 = Release|Any CPU
		{BCC04828-2480-493A-914D-883605BA2D3D}.Release|x86.ActiveCfg = Release|Any CPU
		{BCC04828-2480-493A-914D-883605BA2D3D}.Release|x86.Build.0 = Release|Any CPU
		{AE09DEF1-AD2E-4410-8FE1-85C51D980F26}.Debug|Any CPU.ActiveCfg = Debug|Any CPU
		{AE09DEF1-AD2E-4410-8FE1-85C51D980F26}.Debug|Any CPU.Build.0 = Debug|Any CPU
		{AE09DEF1-AD2E-4410-8FE1-85C51D980F26}.Debug|x64.ActiveCfg = Debug|Any CPU
		{AE09DEF1-AD2E-4410-8FE1-85C51D980F26}.Debug|x64.Build.0 = Debug|Any CPU
		{AE09DEF1-AD2E-4410-8FE1-85C51D980F26}.Debug|x86.ActiveCfg = Debug|Any CPU
		{AE09DEF1-AD2E-4410-8FE1-85C51D980F26}.Debug|x86.Build.0 = Debug|Any CPU
		{AE09DEF1-AD2E-4410-8FE1-85C51D980F26}.Release|Any CPU.ActiveCfg = Release|Any CPU
		{AE09DEF1-AD2E-4410-8FE1-85C51D980F26}.Release|Any CPU.Build.0 = Release|Any CPU
		{AE09DEF1-AD2E-4410-8FE1-85C51D980F26}.Release|x64.ActiveCfg = Release|Any CPU
		{AE09DEF1-AD2E-4410-8FE1-85C51D980F26}.Release|x64.Build.0 = Release|Any CPU
		{AE09DEF1-AD2E-4410-8FE1-85C51D980F26}.Release|x86.ActiveCfg = Release|Any CPU
		{AE09DEF1-AD2E-4410-8FE1-85C51D980F26}.Release|x86.Build.0 = Release|Any CPU
		{EBB3555B-5406-459C-BB49-AC85CEAF04BA}.Debug|Any CPU.ActiveCfg = Debug|Any CPU
		{EBB3555B-5406-459C-BB49-AC85CEAF04BA}.Debug|Any CPU.Build.0 = Debug|Any CPU
		{EBB3555B-5406-459C-BB49-AC85CEAF04BA}.Debug|x64.ActiveCfg = Debug|Any CPU
		{EBB3555B-5406-459C-BB49-AC85CEAF04BA}.Debug|x64.Build.0 = Debug|Any CPU
		{EBB3555B-5406-459C-BB49-AC85CEAF04BA}.Debug|x86.ActiveCfg = Debug|Any CPU
		{EBB3555B-5406-459C-BB49-AC85CEAF04BA}.Debug|x86.Build.0 = Debug|Any CPU
		{EBB3555B-5406-459C-BB49-AC85CEAF04BA}.Release|Any CPU.ActiveCfg = Release|Any CPU
		{EBB3555B-5406-459C-BB49-AC85CEAF04BA}.Release|Any CPU.Build.0 = Release|Any CPU
		{EBB3555B-5406-459C-BB49-AC85CEAF04BA}.Release|x64.ActiveCfg = Release|Any CPU
		{EBB3555B-5406-459C-BB49-AC85CEAF04BA}.Release|x64.Build.0 = Release|Any CPU
		{EBB3555B-5406-459C-BB49-AC85CEAF04BA}.Release|x86.ActiveCfg = Release|Any CPU
		{EBB3555B-5406-459C-BB49-AC85CEAF04BA}.Release|x86.Build.0 = Release|Any CPU
		{020BFCD2-C4D6-46A7-89EB-DAB294F03C3E}.Debug|Any CPU.ActiveCfg = Debug|Any CPU
		{020BFCD2-C4D6-46A7-89EB-DAB294F03C3E}.Debug|Any CPU.Build.0 = Debug|Any CPU
		{020BFCD2-C4D6-46A7-89EB-DAB294F03C3E}.Debug|x64.ActiveCfg = Debug|Any CPU
		{020BFCD2-C4D6-46A7-89EB-DAB294F03C3E}.Debug|x64.Build.0 = Debug|Any CPU
		{020BFCD2-C4D6-46A7-89EB-DAB294F03C3E}.Debug|x86.ActiveCfg = Debug|Any CPU
		{020BFCD2-C4D6-46A7-89EB-DAB294F03C3E}.Debug|x86.Build.0 = Debug|Any CPU
		{020BFCD2-C4D6-46A7-89EB-DAB294F03C3E}.Release|Any CPU.ActiveCfg = Release|Any CPU
		{020BFCD2-C4D6-46A7-89EB-DAB294F03C3E}.Release|Any CPU.Build.0 = Release|Any CPU
		{020BFCD2-C4D6-46A7-89EB-DAB294F03C3E}.Release|x64.ActiveCfg = Release|Any CPU
		{020BFCD2-C4D6-46A7-89EB-DAB294F03C3E}.Release|x64.Build.0 = Release|Any CPU
		{020BFCD2-C4D6-46A7-89EB-DAB294F03C3E}.Release|x86.ActiveCfg = Release|Any CPU
		{020BFCD2-C4D6-46A7-89EB-DAB294F03C3E}.Release|x86.Build.0 = Release|Any CPU
		{1C539A8B-01C7-4711-86E8-C86F67A7AEFD}.Debug|Any CPU.ActiveCfg = Debug|Any CPU
		{1C539A8B-01C7-4711-86E8-C86F67A7AEFD}.Debug|Any CPU.Build.0 = Debug|Any CPU
		{1C539A8B-01C7-4711-86E8-C86F67A7AEFD}.Debug|x64.ActiveCfg = Debug|Any CPU
		{1C539A8B-01C7-4711-86E8-C86F67A7AEFD}.Debug|x64.Build.0 = Debug|Any CPU
		{1C539A8B-01C7-4711-86E8-C86F67A7AEFD}.Debug|x86.ActiveCfg = Debug|Any CPU
		{1C539A8B-01C7-4711-86E8-C86F67A7AEFD}.Debug|x86.Build.0 = Debug|Any CPU
		{1C539A8B-01C7-4711-86E8-C86F67A7AEFD}.Release|Any CPU.ActiveCfg = Release|Any CPU
		{1C539A8B-01C7-4711-86E8-C86F67A7AEFD}.Release|Any CPU.Build.0 = Release|Any CPU
		{1C539A8B-01C7-4711-86E8-C86F67A7AEFD}.Release|x64.ActiveCfg = Release|Any CPU
		{1C539A8B-01C7-4711-86E8-C86F67A7AEFD}.Release|x64.Build.0 = Release|Any CPU
		{1C539A8B-01C7-4711-86E8-C86F67A7AEFD}.Release|x86.ActiveCfg = Release|Any CPU
		{1C539A8B-01C7-4711-86E8-C86F67A7AEFD}.Release|x86.Build.0 = Release|Any CPU
		{09171B74-C873-4175-A6AE-6FA334115BB0}.Debug|Any CPU.ActiveCfg = Debug|Any CPU
		{09171B74-C873-4175-A6AE-6FA334115BB0}.Debug|Any CPU.Build.0 = Debug|Any CPU
		{09171B74-C873-4175-A6AE-6FA334115BB0}.Debug|x64.ActiveCfg = Debug|Any CPU
		{09171B74-C873-4175-A6AE-6FA334115BB0}.Debug|x64.Build.0 = Debug|Any CPU
		{09171B74-C873-4175-A6AE-6FA334115BB0}.Debug|x86.ActiveCfg = Debug|Any CPU
		{09171B74-C873-4175-A6AE-6FA334115BB0}.Debug|x86.Build.0 = Debug|Any CPU
		{09171B74-C873-4175-A6AE-6FA334115BB0}.Release|Any CPU.ActiveCfg = Release|Any CPU
		{09171B74-C873-4175-A6AE-6FA334115BB0}.Release|Any CPU.Build.0 = Release|Any CPU
		{09171B74-C873-4175-A6AE-6FA334115BB0}.Release|x64.ActiveCfg = Release|Any CPU
		{09171B74-C873-4175-A6AE-6FA334115BB0}.Release|x64.Build.0 = Release|Any CPU
		{09171B74-C873-4175-A6AE-6FA334115BB0}.Release|x86.ActiveCfg = Release|Any CPU
		{09171B74-C873-4175-A6AE-6FA334115BB0}.Release|x86.Build.0 = Release|Any CPU
		{E2489C8C-EE9E-4694-BE0B-C682A65FA6AA}.Debug|Any CPU.ActiveCfg = Debug|Any CPU
		{E2489C8C-EE9E-4694-BE0B-C682A65FA6AA}.Debug|Any CPU.Build.0 = Debug|Any CPU
		{E2489C8C-EE9E-4694-BE0B-C682A65FA6AA}.Debug|x64.ActiveCfg = Debug|Any CPU
		{E2489C8C-EE9E-4694-BE0B-C682A65FA6AA}.Debug|x64.Build.0 = Debug|Any CPU
		{E2489C8C-EE9E-4694-BE0B-C682A65FA6AA}.Debug|x86.ActiveCfg = Debug|Any CPU
		{E2489C8C-EE9E-4694-BE0B-C682A65FA6AA}.Debug|x86.Build.0 = Debug|Any CPU
		{E2489C8C-EE9E-4694-BE0B-C682A65FA6AA}.Release|Any CPU.ActiveCfg = Release|Any CPU
		{E2489C8C-EE9E-4694-BE0B-C682A65FA6AA}.Release|Any CPU.Build.0 = Release|Any CPU
		{E2489C8C-EE9E-4694-BE0B-C682A65FA6AA}.Release|x64.ActiveCfg = Release|Any CPU
		{E2489C8C-EE9E-4694-BE0B-C682A65FA6AA}.Release|x64.Build.0 = Release|Any CPU
		{E2489C8C-EE9E-4694-BE0B-C682A65FA6AA}.Release|x86.ActiveCfg = Release|Any CPU
		{E2489C8C-EE9E-4694-BE0B-C682A65FA6AA}.Release|x86.Build.0 = Release|Any CPU
	EndGlobalSection
	GlobalSection(SolutionProperties) = preSolution
		HideSolutionNode = FALSE
	EndGlobalSection
	GlobalSection(NestedProjects) = preSolution
		{3C20D7A4-1D7B-4B3C-98DF-44047EAFCFA3} = {0AB3BF05-4346-4AA6-1389-037BE0695223}
		{66DF4828-3684-49E9-B84B-5DBAB9777C8D} = {827E0CD3-B72D-47B6-A68D-7590B98EB39B}
		{50675AF1-052C-47C4-B11F-44D8E2AC6650} = {827E0CD3-B72D-47B6-A68D-7590B98EB39B}
		{1FB37121-1D8B-4F5C-9708-DD7D04A38824} = {CA253913-39DE-BFD0-C9A3-4B7EC6FBDF17}
		{EE3B1A91-AAA8-48C0-BF96-BBDBAE3E8033} = {CA253913-39DE-BFD0-C9A3-4B7EC6FBDF17}
		{68AC70F5-5F68-4D19-9007-4945A890134C} = {CA253913-39DE-BFD0-C9A3-4B7EC6FBDF17}
		{D9061A86-B5C5-43BB-851E-9E091BB8007D} = {CA253913-39DE-BFD0-C9A3-4B7EC6FBDF17}
		{AD2B5356-8327-4E13-B06A-4E2C25877AB7} = {CA253913-39DE-BFD0-C9A3-4B7EC6FBDF17}
		{10C07962-3771-4A25-B3CD-778B2445F3D4} = {CA253913-39DE-BFD0-C9A3-4B7EC6FBDF17}
		{895C5411-7BD6-4F05-BBAC-1857581E18BF} = {CA253913-39DE-BFD0-C9A3-4B7EC6FBDF17}
		{C588B8BB-C64C-4164-A7E1-7B05FDDC82D9} = {CA253913-39DE-BFD0-C9A3-4B7EC6FBDF17}
		{BCC04828-2480-493A-914D-883605BA2D3D} = {CA253913-39DE-BFD0-C9A3-4B7EC6FBDF17}
		{AE09DEF1-AD2E-4410-8FE1-85C51D980F26} = {CA253913-39DE-BFD0-C9A3-4B7EC6FBDF17}
		{EBB3555B-5406-459C-BB49-AC85CEAF04BA} = {CA253913-39DE-BFD0-C9A3-4B7EC6FBDF17}
		{020BFCD2-C4D6-46A7-89EB-DAB294F03C3E} = {CA253913-39DE-BFD0-C9A3-4B7EC6FBDF17}
		{1C539A8B-01C7-4711-86E8-C86F67A7AEFD} = {827E0CD3-B72D-47B6-A68D-7590B98EB39B}
		{09171B74-C873-4175-A6AE-6FA334115BB0} = {CA253913-39DE-BFD0-C9A3-4B7EC6FBDF17}
		{E2489C8C-EE9E-4694-BE0B-C682A65FA6AA} = {827E0CD3-B72D-47B6-A68D-7590B98EB39B}
	EndGlobalSection
EndGlobal
