<Solution>
  <Project Path="../src/PackEngine.Contracts/PackEngine.Contracts.csproj" />
  <Project Path="../src/PackEngine.Runtime/PackEngine.Runtime.csproj" />
  <Project Path="PackEngine.Workspace/PackEngine.Workspace.csproj" />
  <Project Path="PackEngine.Tool/PackEngine.Tool.csproj" />
  <Project Path="PackEngine.Editor/PackEngine.Editor.csproj" />
  <Project Path="PackEngine.Assistant.Command/PackEngine.Assistant.Command.csproj" />
  <Project Path="PackEngine.Assistant.Codex/PackEngine.Assistant.Codex.csproj" />
  <Project Path="PackEngine.Assistant.Api/PackEngine.Assistant.Api.csproj" />
  <Project Path="PackEngine.Launcher/PackEngine.Launcher.csproj" />
  <Project Path="PackEngine.Editor.Contracts/PackEngine.Editor.Contracts.csproj" />
  <Project Path="PackEngine.EditorPacks/PackEngine.EditorPacks.csproj" />
  <Project Path="PackEngine.PackHost/PackEngine.PackHost.csproj" />
  <Project Path="Packs/CoreTools/PackEngine.Editor.CoreTools.csproj" />
  <Project Path="examples/MobileLab/PackEngine.Editor.MobileLab.csproj" />
</Solution>
